
Microsoft Visual Studio Solution File, Format Version 12.00
# Visual Studio Version 16
VisualStudioVersion = 16.0.30114.105
MinimumVisualStudioVersion = 10.0.40219.1
Project("{FAE04EC0-301F-11D3-BF4B-00C04F79EFBC}") = "GetData", "GetData\GetData.csproj", "{9784FD55-4606-4C30-AAB9-C88130F94EED}"
EndProject
Project("{FAE04EC0-301F-11D3-BF4B-00C04F79EFBC}") = "ProcessData", "ProcessData\ProcessData.csproj", "{23E1B02C-087D-4667-84A1-1D066E9F9BA4}"
EndProject
Project("{FAE04EC0-301F-11D3-BF4B-00C04F79EFBC}") = "shared", "Shared\shared.csproj", "{860EEB23-00DE-4EDE-A0EE-DCD4A9B7E21A}"
EndProject
Global
	GlobalSection(SolutionConfigurationPlatforms) = preSolution
		Debug|Any CPU = Debug|Any CPU
		Release|Any CPU = Release|Any CPU
	EndGlobalSection
	GlobalSection(SolutionProperties) = preSolution
		HideSolutionNode = FALSE
	EndGlobalSection
	GlobalSection(ProjectConfigurationPlatforms) = postSolution
		{9784FD55-4606-4C30-AAB9-C88130F94EED}.Debug|Any CPU.ActiveCfg = Debug|Any CPU
		{9784FD55-4606-4C30-AAB9-C88130F94EED}.Debug|Any CPU.Build.0 = Debug|Any CPU
		{9784FD55-4606-4C30-AAB9-C88130F94EED}.Release|Any CPU.ActiveCfg = Release|Any CPU
		{9784FD55-4606-4C30-AAB9-C88130F94EED}.Release|Any CPU.Build.0 = Release|Any CPU
		{23E1B02C-087D-4667-84A1-1D066E9F9BA4}.Debug|Any CPU.ActiveCfg = Debug|Any CPU
		{23E1B02C-087D-4667-84A1-1D066E9F9BA4}.Debug|Any CPU.Build.0 = Debug|Any CPU
		{23E1B02C-087D-4667-84A1-1D066E9F9BA4}.Release|Any CPU.ActiveCfg = Release|Any CPU
		{23E1B02C-087D-4667-84A1-1D066E9F9BA4}.Release|Any CPU.Build.0 = Release|Any CPU
		{860EEB23-00DE-4EDE-A0EE-DCD4A9B7E21A}.Debug|Any CPU.ActiveCfg = Debug|Any CPU
		{860EEB23-00DE-4EDE-A0EE-DCD4A9B7E21A}.Debug|Any CPU.Build.0 = Debug|Any CPU
		{860EEB23-00DE-4EDE-A0EE-DCD4A9B7E21A}.Release|Any CPU.ActiveCfg = Release|Any CPU
		{860EEB23-00DE-4EDE-A0EE-DCD4A9B7E21A}.Release|Any CPU.Build.0 = Release|Any CPU
	EndGlobalSection
EndGlobal
